# Runtime lock resolved and tested on Python 3.11. Direct and transitive
# dependencies are exact-pinned. page-dewarp is installed separately with
# --no-deps because its GUI OpenCV declaration is satisfied by the headless
# OpenCV runtime below.
# The repository-local world-herb-library package is installed separately by
# the Dockerfile from the exact source revision used to build this image.
annotated-doc==0.0.4
annotated-types==0.7.0
anyio==4.14.2
certifi==2026.6.17
click==8.4.2
contourpy==1.3.3
cycler==0.12.1
fastapi==0.139.2
fonttools==4.63.0
h11==0.16.0
httpcore==1.0.9
httpx==0.28.1
idna==3.18
kiwisolver==1.5.0
matplotlib==3.10.9
mpmath==1.3.0
msgspec==0.21.1
numpy==2.4.6
opencv-python-headless==4.13.0.92
packaging==26.2
Pillow==12.3.0
pydantic==2.13.4
pydantic_core==2.46.4
pyparsing==3.3.2
python-dateutil==2.9.0.post0
scipy==1.17.1
setuptools==80.9.0
six==1.17.0
starlette==1.3.1
sympy==1.14.0
typing-inspection==0.4.2
typing_extensions==4.16.0
uvicorn==0.51.0
